
Microsoft Visual Studio Solution File, Format Version 12.00
# Visual Studio Version 16
VisualStudioVersion = 25.0.1705.2
MinimumVisualStudioVersion = 10.0.40219.1
Project("{FAE04EC0-301F-11D3-BF4B-00C04F79EFBC}") = "Discord.Webhook.Logger", "Discord.Webhook.Logger.csproj", "{436A2FA8-35BC-44F0-A144-A36B87DB4F5C}"
EndProject
Global
	GlobalSection(SolutionConfigurationPlatforms) = preSolution
		Debug|Any CPU = Debug|Any CPU
		Release|Any CPU = Release|Any CPU
	EndGlobalSection
	GlobalSection(ProjectConfigurationPlatforms) = postSolution
		{436A2FA8-35BC-44F0-A144-A36B87DB4F5C}.Debug|Any CPU.ActiveCfg = Debug|Any CPU
		{436A2FA8-35BC-44F0-A144-A36B87DB4F5C}.Debug|Any CPU.Build.0 = Debug|Any CPU
		{436A2FA8-35BC-44F0-A144-A36B87DB4F5C}.Release|Any CPU.ActiveCfg = Release|Any CPU
		{436A2FA8-35BC-44F0-A144-A36B87DB4F5C}.Release|Any CPU.Build.0 = Release|Any CPU
	EndGlobalSection
	GlobalSection(SolutionProperties) = preSolution
		HideSolutionNode = FALSE
	EndGlobalSection
	GlobalSection(ExtensibilityGlobals) = postSolution
		SolutionGuid = {FA59F8E5-A222-42FE-A0AA-CA736EC55838}
	EndGlobalSection
EndGlobal
